<?xml version="1.0" encoding="utf-8"?>
<Project ToolsVersion="4.0" xmlns="http://schemas.microsoft.com/developer/msbuild/2003">
  <ItemGroup>
    <ClInclude Include="file.h" />
    <ClInclude Include="targetver.h">
      <Filter>build</Filter>
    </ClInclude>
    <ClInclude Include="stdafx.h">
      <Filter>build</Filter>
    </ClInclude>
  </ItemGroup>
  <ItemGroup>
    <ClCompile Include="fsp.cpp" />
    <ClCompile Include="file.cpp" />
    <ClCompile Include="stdafx.cpp">
      <Filter>build</Filter>
    </ClCompile>
  </ItemGroup>
  <ItemGroup>
    <Filter Include="build">
      <UniqueIdentifier>{8ca69c16-d9be-4098-a820-c4d9b0cd16ed}</UniqueIdentifier>
    </Filter>
  </ItemGroup>
</Project>